
Microsoft Visual Studio Solution File, Format Version 12.00
# Visual Studio Version 17
VisualStudioVersion = 17.7.33920.267
MinimumVisualStudioVersion = 10.0.40219.1
Project("{FAE04EC0-301F-11D3-BF4B-00C04F79EFBC}") = "Pathfinder", "Pathfinder\Pathfinder.csproj", "{D611B24D-9E9C-45A3-94BC-C2E3D5C9CE24}"
EndProject
Global
	GlobalSection(SolutionConfigurationPlatforms) = preSolution
		Debug|Any CPU = Debug|Any CPU
		Release|Any CPU = Release|Any CPU
	EndGlobalSection
	GlobalSection(ProjectConfigurationPlatforms) = postSolution
		{D611B24D-9E9C-45A3-94BC-C2E3D5C9CE24}.Debug|Any CPU.ActiveCfg = Debug|Any CPU
		{D611B24D-9E9C-45A3-94BC-C2E3D5C9CE24}.Debug|Any CPU.Build.0 = Debug|Any CPU
		{D611B24D-9E9C-45A3-94BC-C2E3D5C9CE24}.Debug|Any CPU.Deploy.0 = Debug|Any CPU
		{D611B24D-9E9C-45A3-94BC-C2E3D5C9CE24}.Release|Any CPU.ActiveCfg = Release|Any CPU
		{D611B24D-9E9C-45A3-94BC-C2E3D5C9CE24}.Release|Any CPU.Build.0 = Release|Any CPU
		{D611B24D-9E9C-45A3-94BC-C2E3D5C9CE24}.Release|Any CPU.Deploy.0 = Release|Any CPU
	EndGlobalSection
	GlobalSection(SolutionProperties) = preSolution
		HideSolutionNode = FALSE
	EndGlobalSection
	GlobalSection(ExtensibilityGlobals) = postSolution
		SolutionGuid = {6F1689EA-5BB6-49FE-9301-6BA7679F1088}
	EndGlobalSection
EndGlobal
