
Microsoft Visual Studio Solution File, Format Version 12.00
# Visual Studio Version 17
VisualStudioVersion = 17.7.33920.267
MinimumVisualStudioVersion = 10.0.40219.1
Project("{9A19103F-16F7-4668-BE54-9A1E7A4F7556}") = "DND Pathfinder", "DND Pathfinder\DND Pathfinder.csproj", "{1BD581A1-2DA9-4335-A7BC-6A0FF3171D71}"
EndProject
Global
	GlobalSection(SolutionConfigurationPlatforms) = preSolution
		Debug|Any CPU = Debug|Any CPU
		Release|Any CPU = Release|Any CPU
	EndGlobalSection
	GlobalSection(ProjectConfigurationPlatforms) = postSolution
		{1BD581A1-2DA9-4335-A7BC-6A0FF3171D71}.Debug|Any CPU.ActiveCfg = Debug|Any CPU
		{1BD581A1-2DA9-4335-A7BC-6A0FF3171D71}.Debug|Any CPU.Build.0 = Debug|Any CPU
		{1BD581A1-2DA9-4335-A7BC-6A0FF3171D71}.Debug|Any CPU.Deploy.0 = Debug|Any CPU
		{1BD581A1-2DA9-4335-A7BC-6A0FF3171D71}.Release|Any CPU.ActiveCfg = Release|Any CPU
		{1BD581A1-2DA9-4335-A7BC-6A0FF3171D71}.Release|Any CPU.Build.0 = Release|Any CPU
		{1BD581A1-2DA9-4335-A7BC-6A0FF3171D71}.Release|Any CPU.Deploy.0 = Release|Any CPU
	EndGlobalSection
	GlobalSection(SolutionProperties) = preSolution
		HideSolutionNode = FALSE
	EndGlobalSection
	GlobalSection(ExtensibilityGlobals) = postSolution
		SolutionGuid = {6F1689EA-5BB6-49FE-9301-6BA7679F1088}
	EndGlobalSection
EndGlobal
